Microsoft Visual Studio Solution File, Format Version 12.00
# Visual Studio Version 17
VisualStudioVersion = 17.3.32505.426
MinimumVisualStudioVersion = 10.0.40219.1
Project("{9A19103F-16F7-4668-BE54-9A1E7A4F7556}") = "Emby.ApiClient", "Emby.ApiClient\Emby.ApiClient.csproj", "{A7541A38-CD5F-46CF-83AA-7B7617F087CF}"
EndProject
Project("{FAE04EC0-301F-11D3-BF4B-00C04F79EFBC}") = "Emby.ApiClient.Example", "Emby.ApiClient.Example\Emby.ApiClient.Example.csproj", "{08596676-1842-4EE4-AE0C-EB4EEDA65846}"
EndProject
Global
	GlobalSection(SolutionConfigurationPlatforms) = preSolution
		Debug|Any CPU = Debug|Any CPU
		Release|Any CPU = Release|Any CPU
	EndGlobalSection
	GlobalSection(ProjectConfigurationPlatforms) = postSolution
		{A7541A38-CD5F-46CF-83AA-7B7617F087CF}.Debug|Any CPU.ActiveCfg = Debug|Any CPU
		{A7541A38-CD5F-46CF-83AA-7B7617F087CF}.Debug|Any CPU.Build.0 = Debug|Any CPU
		{A7541A38-CD5F-46CF-83AA-7B7617F087CF}.Release|Any CPU.ActiveCfg = Release|Any CPU
		{A7541A38-CD5F-46CF-83AA-7B7617F087CF}.Release|Any CPU.Build.0 = Release|Any CPU
		{08596676-1842-4EE4-AE0C-EB4EEDA65846}.Debug|Any CPU.ActiveCfg = Debug|Any CPU
		{08596676-1842-4EE4-AE0C-EB4EEDA65846}.Debug|Any CPU.Build.0 = Debug|Any CPU
		{08596676-1842-4EE4-AE0C-EB4EEDA65846}.Release|Any CPU.ActiveCfg = Release|Any CPU
		{08596676-1842-4EE4-AE0C-EB4EEDA65846}.Release|Any CPU.Build.0 = Release|Any CPU
	EndGlobalSection
	GlobalSection(SolutionProperties) = preSolution
		HideSolutionNode = FALSE
	EndGlobalSection
	GlobalSection(ExtensibilityGlobals) = postSolution
		SolutionGuid = {F2BBFC1E-1BBA-4196-A8AE-5AD2DE92785F}
	EndGlobalSection
EndGlobal
