
Microsoft Visual Studio Solution File, Format Version 12.00
# Visual Studio Version 17
VisualStudioVersion = 17.4.33213.308
MinimumVisualStudioVersion = 10.0.40219.1
Project("{9A19103F-16F7-4668-BE54-9A1E7A4F7556}") = "ChannelPluginFileBrowser", "ChannelPluginFileBrowser.csproj", "{893DD60E-BDE0-45AD-97B7-0C3C80723269}"
EndProject
Global
	GlobalSection(SolutionConfigurationPlatforms) = preSolution
		AndroidRelease|Any CPU = AndroidRelease|Any CPU
		Beta|Any CPU = Beta|Any CPU
		Debug|Any CPU = Debug|Any CPU
		Release|Any CPU = Release|Any CPU
	EndGlobalSection
	GlobalSection(ProjectConfigurationPlatforms) = postSolution
		{893DD60E-BDE0-45AD-97B7-0C3C80723269}.AndroidRelease|Any CPU.ActiveCfg = AndroidRelease|Any CPU
		{893DD60E-BDE0-45AD-97B7-0C3C80723269}.AndroidRelease|Any CPU.Build.0 = AndroidRelease|Any CPU
		{893DD60E-BDE0-45AD-97B7-0C3C80723269}.Beta|Any CPU.ActiveCfg = Beta|Any CPU
		{893DD60E-BDE0-45AD-97B7-0C3C80723269}.Beta|Any CPU.Build.0 = Beta|Any CPU
		{893DD60E-BDE0-45AD-97B7-0C3C80723269}.Debug|Any CPU.ActiveCfg = Debug|Any CPU
		{893DD60E-BDE0-45AD-97B7-0C3C80723269}.Debug|Any CPU.Build.0 = Debug|Any CPU
		{893DD60E-BDE0-45AD-97B7-0C3C80723269}.Release|Any CPU.ActiveCfg = Release|Any CPU
		{893DD60E-BDE0-45AD-97B7-0C3C80723269}.Release|Any CPU.Build.0 = Release|Any CPU
	EndGlobalSection
	GlobalSection(SolutionProperties) = preSolution
		HideSolutionNode = FALSE
	EndGlobalSection
	GlobalSection(ExtensibilityGlobals) = postSolution
		SolutionGuid = {3831A4B5-2FCC-49A9-85D7-89EE8CE8E293}
	EndGlobalSection
EndGlobal
